
Microsoft Visual Studio Solution File, Format Version 12.00
# Visual Studio 2013
VisualStudioVersion = 12.0.31101.0
MinimumVisualStudioVersion = 10.0.40219.1
Project("{FAE04EC0-301F-11D3-BF4B-00C04F79EFBC}") = "WebDecouverteAzure", "WebDecouverteAzure\WebDecouverteAzure.csproj", "{C4BC0CD0-7EF2-43DF-A9D9-C21AB91D2EF7}"
EndProject
Project("{2150E333-8FDC-42A3-9474-1A3956D46DE8}") = "PublishScripts", "PublishScripts", "{FA46F34B-4345-4318-B567-8E5D99A5E92A}"
	ProjectSection(SolutionItems) = preProject
		PublishScripts\AzureWebsitePublishModule.psm1 = PublishScripts\AzureWebsitePublishModule.psm1
		PublishScripts\Publish-WebApplicationWebsite.ps1 = PublishScripts\Publish-WebApplicationWebsite.ps1
	EndProjectSection
EndProject
Project("{2150E333-8FDC-42A3-9474-1A3956D46DE8}") = "Configurations", "Configurations", "{D254AEF3-C1C2-4C94-8C2B-F57229B5628A}"
	ProjectSection(SolutionItems) = preProject
		PublishScripts\Configurations\WebDecouverteAzure-WAWS-dev.json = PublishScripts\Configurations\WebDecouverteAzure-WAWS-dev.json
	EndProjectSection
EndProject
Project("{FAE04EC0-301F-11D3-BF4B-00C04F79EFBC}") = "WPFClient", "WPFClient\WPFClient.csproj", "{FE3295F9-7EA8-4CD2-B94E-99B20C4E25A0}"
EndProject
Global
	GlobalSection(SolutionConfigurationPlatforms) = preSolution
		Debug|Any CPU = Debug|Any CPU
		Release|Any CPU = Release|Any CPU
	EndGlobalSection
	GlobalSection(ProjectConfigurationPlatforms) = postSolution
		{C4BC0CD0-7EF2-43DF-A9D9-C21AB91D2EF7}.Debug|Any CPU.ActiveCfg = Debug|Any CPU
		{C4BC0CD0-7EF2-43DF-A9D9-C21AB91D2EF7}.Debug|Any CPU.Build.0 = Debug|Any CPU
		{C4BC0CD0-7EF2-43DF-A9D9-C21AB91D2EF7}.Release|Any CPU.ActiveCfg = Release|Any CPU
		{C4BC0CD0-7EF2-43DF-A9D9-C21AB91D2EF7}.Release|Any CPU.Build.0 = Release|Any CPU
		{FE3295F9-7EA8-4CD2-B94E-99B20C4E25A0}.Debug|Any CPU.ActiveCfg = Debug|Any CPU
		{FE3295F9-7EA8-4CD2-B94E-99B20C4E25A0}.Debug|Any CPU.Build.0 = Debug|Any CPU
		{FE3295F9-7EA8-4CD2-B94E-99B20C4E25A0}.Release|Any CPU.ActiveCfg = Release|Any CPU
		{FE3295F9-7EA8-4CD2-B94E-99B20C4E25A0}.Release|Any CPU.Build.0 = Release|Any CPU
	EndGlobalSection
	GlobalSection(SolutionProperties) = preSolution
		HideSolutionNode = FALSE
	EndGlobalSection
	GlobalSection(NestedProjects) = preSolution
		{D254AEF3-C1C2-4C94-8C2B-F57229B5628A} = {FA46F34B-4345-4318-B567-8E5D99A5E92A}
	EndGlobalSection
EndGlobal
